<?xml version="1.0" encoding="utf-8"?>
<Project ToolsVersion="4.0" xmlns="http://schemas.microsoft.com/developer/msbuild/2003">
  <ItemGroup>
    <Filter Include="소스 파일">
      <UniqueIdentifier>{4FC737F1-C7A5-4376-A066-2A32D752A2FF}</UniqueIdentifier>
      <Extensions>cpp;c;cc;cxx;c++;cppm;ixx;def;odl;idl;hpj;bat;asm;asmx</Extensions>
    </Filter>
    <Filter Include="헤더 파일">
      <UniqueIdentifier>{93995380-89BD-4b04-88EB-625FBE52EBFB}</UniqueIdentifier>
      <Extensions>h;hh;hpp;hxx;h++;hm;inl;inc;ipp;xsd</Extensions>
    </Filter>
    <Filter Include="리소스 파일">
      <UniqueIdentifier>{67DA6AB6-F800-4c08-8B7A-83BB121AAD01}</UniqueIdentifier>
      <Extensions>rc;ico;cur;bmp;dlg;rc2;rct;bin;rgs;gif;jpg;jpeg;jpe;resx;tiff;tif;png;wav;mfcribbon-ms</Extensions>
    </Filter>
    <Filter Include="소스 파일\LockFree">
      <UniqueIdentifier>{7828f4da-cf6a-43ef-9a6c-42e0753771fd}</UniqueIdentifier>
    </Filter>
    <Filter Include="소스 파일\CrashDump">
      <UniqueIdentifier>{ffc3d9f2-543f-4923-a02c-837f969a95c6}</UniqueIdentifier>
    </Filter>
    <Filter Include="소스 파일\SerialBuffer">
      <UniqueIdentifier>{ca417068-59d8-485b-9acf-e481e4de0872}</UniqueIdentifier>
    </Filter>
    <Filter Include="소스 파일\TimingWheel">
      <UniqueIdentifier>{4dd23d0b-db78-4c27-82ec-a38ca8230767}</UniqueIdentifier>
    </Filter>
    <Filter Include="소스 파일\ServerLib">
      <UniqueIdentifier>{a537d98a-8077-4054-ab95-efbc350fad96}</UniqueIdentifier>
    </Filter>
    <Filter Include="소스 파일\GameServer">
      <UniqueIdentifier>{ba03b050-3b04-4a3c-a788-703acc5dc608}</UniqueIdentifier>
    </Filter>
    <Filter Include="소스 파일\Monitor">
      <UniqueIdentifier>{d3a1f2b0-7e4c-4a9d-b8f5-1c2d3e4f5a6b}</UniqueIdentifier>
    </Filter>
    <Filter Include="소스 파일\ThirdParty">
      <UniqueIdentifier>{e4b2c3d1-8f5a-4b0e-c9a6-2d3e4f5a6b7c}</UniqueIdentifier>
    </Filter>
  </ItemGroup>
  <ItemGroup>
    <ClCompile Include="SerialBuffer.cpp">
      <Filter>소스 파일\SerialBuffer</Filter>
    </ClCompile>
    <ClCompile Include="IOCPServer.cpp">
      <Filter>소스 파일\ServerLib</Filter>
    </ClCompile>
    <ClCompile Include="main.cpp">
      <Filter>소스 파일\ServerLib</Filter>
    </ClCompile>
    <ClCompile Include="GameServer.cpp">
      <Filter>소스 파일\GameServer</Filter>
    </ClCompile>
    <ClCompile Include="Player.cpp">
      <Filter>소스 파일\GameServer</Filter>
    </ClCompile>
    <ClCompile Include="SectorManager.cpp">
      <Filter>소스 파일\GameServer</Filter>
    </ClCompile>
    <ClCompile Include="Zone.cpp">
      <Filter>소스 파일\GameServer</Filter>
    </ClCompile>
    <ClCompile Include="MapManager.cpp">
      <Filter>소스 파일\GameServer</Filter>
    </ClCompile>
  </ItemGroup>
  <ItemGroup>
    <ClInclude Include="LockFree\LockFreeQueue.h">
      <Filter>소스 파일\LockFree</Filter>
    </ClInclude>
    <ClInclude Include="LockFree\LockFreeStack.h">
      <Filter>소스 파일\LockFree</Filter>
    </ClInclude>
    <ClInclude Include="LockFree\InternalFreeList.h">
      <Filter>소스 파일\LockFree</Filter>
    </ClInclude>
    <ClInclude Include="LockFree\ExternalTlsFreeList.h">
      <Filter>소스 파일\LockFree</Filter>
    </ClInclude>
    <ClInclude Include="Crash\CrashDump.h">
      <Filter>소스 파일\CrashDump</Filter>
    </ClInclude>
    <ClInclude Include="SerialBuffer.h">
      <Filter>소스 파일\SerialBuffer</Filter>
    </ClInclude>
    <ClInclude Include="TimingWheel.h">
      <Filter>소스 파일\TimingWheel</Filter>
    </ClInclude>
    <ClInclude Include="IOCPServer.h">
      <Filter>소스 파일\ServerLib</Filter>
    </ClInclude>
    <ClInclude Include="Zone.h">
      <Filter>소스 파일\GameServer</Filter>
    </ClInclude>
    <ClInclude Include="MapManager.h">
      <Filter>소스 파일\GameServer</Filter>
    </ClInclude>
    <ClInclude Include="RingBuffer.h">
      <Filter>소스 파일\ServerLib</Filter>
    </ClInclude>
    <ClInclude Include="Player.h">
      <Filter>소스 파일\GameServer</Filter>
    </ClInclude>
    <ClInclude Include="GameServer.h">
      <Filter>소스 파일\GameServer</Filter>
    </ClInclude>
    <ClInclude Include="..\..\Shared\Common\ErrorLog.h">
      <Filter>소스 파일\GameServer</Filter>
    </ClInclude>
    <ClInclude Include="SectorManager.h">
      <Filter>소스 파일\GameServer</Filter>
    </ClInclude>
    <ClInclude Include="..\..\Shared\Protocol\Protocol.h">
      <Filter>소스 파일\GameServer</Filter>
    </ClInclude>
    <ClInclude Include="MonitorManager.h">
      <Filter>소스 파일\Monitor</Filter>
    </ClInclude>
    <ClInclude Include="MonitorServer.h">
      <Filter>소스 파일\Monitor</Filter>
    </ClInclude>
    <ClInclude Include="ThirdParty\httplib.h">
      <Filter>소스 파일\ThirdParty</Filter>
    </ClInclude>
  </ItemGroup>
</Project>